
Microsoft Visual Studio Solution File, Format Version 12.00
# Visual Studio Version 17
VisualStudioVersion = 17.0.31903.59
MinimumVisualStudioVersion = 10.0.40219.1
Project("{2150E333-8FDC-42A3-9474-1A3956D46DE8}") = "src", "src", "{827E0CD3-B72D-47B6-A68D-7590B98EB39B}"
EndProject
Project("{FAE04EC0-301F-11D3-BF4B-00C04F79EFBC}") = "Sage.Engine", "src\Sage.Engine\Sage.Engine.csproj", "{9C630A60-7849-4D61-879F-061B887B9587}"
EndProject
Project("{FAE04EC0-301F-11D3-BF4B-00C04F79EFBC}") = "Sage.Client", "src\Sage.Client\Sage.Client.csproj", "{3518249E-8371-4830-BF6E-4BE9D60038E9}"
EndProject
Project("{FAE04EC0-301F-11D3-BF4B-00C04F79EFBC}") = "Sage.Editor", "src\Sage.Editor\Sage.Editor.csproj", "{309420BF-2C0E-4C5B-8E77-13201F70415A}"
EndProject
Project("{2150E333-8FDC-42A3-9474-1A3956D46DE8}") = "packages", "packages", "{809F86A1-1C4C-B159-0CD4-DF9D33D876CE}"
EndProject
Project("{2150E333-8FDC-42A3-9474-1A3956D46DE8}") = "MonoGame.ImGuiNet-main", "MonoGame.ImGuiNet-main", "{91552100-549B-123C-6DD6-CB12AA27448A}"
EndProject
Project("{2150E333-8FDC-42A3-9474-1A3956D46DE8}") = "MonoGame.ImGuiNet", "MonoGame.ImGuiNet", "{1EF4D47E-7006-E733-9498-003A5BCF710E}"
EndProject
Project("{FAE04EC0-301F-11D3-BF4B-00C04F79EFBC}") = "Monogame.ImGuiNet", "packages\MonoGame.ImGuiNet-main\MonoGame.ImGuiNet\Monogame.ImGuiNet.csproj", "{C842ADF3-2CA6-4389-8869-B047DE038A33}"
EndProject
Project("{FAE04EC0-301F-11D3-BF4B-00C04F79EFBC}") = "Sage.Host", "src\Sage.Host\Sage.Host.csproj", "{AB27E3B5-D0BB-4997-A26D-FFE4B392F056}"
EndProject
Project("{2150E333-8FDC-42A3-9474-1A3956D46DE8}") = "tests", "tests", "{0AB3BF05-4346-4AA6-1389-037BE0695223}"
EndProject
Project("{FAE04EC0-301F-11D3-BF4B-00C04F79EFBC}") = "Sage.Tests", "tests\Sage.Tests\Sage.Tests.csproj", "{19BF69A2-980F-4FCB-9FF7-F93D8F29303E}"
EndProject
Global
	GlobalSection(SolutionConfigurationPlatforms) = preSolution
		Debug|Any CPU = Debug|Any CPU
		Development|Any CPU = Development|Any CPU
		Shipping|Any CPU = Shipping|Any CPU
	EndGlobalSection
	GlobalSection(ProjectConfigurationPlatforms) = postSolution
		{9C630A60-7849-4D61-879F-061B887B9587}.Debug|Any CPU.ActiveCfg = Debug|Any CPU
		{9C630A60-7849-4D61-879F-061B887B9587}.Debug|Any CPU.Build.0 = Debug|Any CPU
		{9C630A60-7849-4D61-879F-061B887B9587}.Development|Any CPU.ActiveCfg = Development|Any CPU
		{9C630A60-7849-4D61-879F-061B887B9587}.Development|Any CPU.Build.0 = Development|Any CPU
		{9C630A60-7849-4D61-879F-061B887B9587}.Shipping|Any CPU.ActiveCfg = Shipping|Any CPU
		{9C630A60-7849-4D61-879F-061B887B9587}.Shipping|Any CPU.Build.0 = Shipping|Any CPU
		{3518249E-8371-4830-BF6E-4BE9D60038E9}.Debug|Any CPU.ActiveCfg = Debug|Any CPU
		{3518249E-8371-4830-BF6E-4BE9D60038E9}.Debug|Any CPU.Build.0 = Debug|Any CPU
		{3518249E-8371-4830-BF6E-4BE9D60038E9}.Development|Any CPU.ActiveCfg = Development|Any CPU
		{3518249E-8371-4830-BF6E-4BE9D60038E9}.Development|Any CPU.Build.0 = Development|Any CPU
		{3518249E-8371-4830-BF6E-4BE9D60038E9}.Shipping|Any CPU.ActiveCfg = Shipping|Any CPU
		{3518249E-8371-4830-BF6E-4BE9D60038E9}.Shipping|Any CPU.Build.0 = Shipping|Any CPU
		{309420BF-2C0E-4C5B-8E77-13201F70415A}.Debug|Any CPU.ActiveCfg = Debug|Any CPU
		{309420BF-2C0E-4C5B-8E77-13201F70415A}.Debug|Any CPU.Build.0 = Debug|Any CPU
		{309420BF-2C0E-4C5B-8E77-13201F70415A}.Development|Any CPU.ActiveCfg = Development|Any CPU
		{309420BF-2C0E-4C5B-8E77-13201F70415A}.Development|Any CPU.Build.0 = Development|Any CPU
		{309420BF-2C0E-4C5B-8E77-13201F70415A}.Shipping|Any CPU.ActiveCfg = Shipping|Any CPU
		{309420BF-2C0E-4C5B-8E77-13201F70415A}.Shipping|Any CPU.Build.0 = Shipping|Any CPU
		{C842ADF3-2CA6-4389-8869-B047DE038A33}.Debug|Any CPU.ActiveCfg = Debug|Any CPU
		{C842ADF3-2CA6-4389-8869-B047DE038A33}.Debug|Any CPU.Build.0 = Debug|Any CPU
		{C842ADF3-2CA6-4389-8869-B047DE038A33}.Development|Any CPU.ActiveCfg = Release|Any CPU
		{C842ADF3-2CA6-4389-8869-B047DE038A33}.Development|Any CPU.Build.0 = Release|Any CPU
		{C842ADF3-2CA6-4389-8869-B047DE038A33}.Shipping|Any CPU.ActiveCfg = Release|Any CPU
		{C842ADF3-2CA6-4389-8869-B047DE038A33}.Shipping|Any CPU.Build.0 = Release|Any CPU
		{AB27E3B5-D0BB-4997-A26D-FFE4B392F056}.Debug|Any CPU.ActiveCfg = Debug|Any CPU
		{AB27E3B5-D0BB-4997-A26D-FFE4B392F056}.Debug|Any CPU.Build.0 = Debug|Any CPU
		{AB27E3B5-D0BB-4997-A26D-FFE4B392F056}.Development|Any CPU.ActiveCfg = Development|Any CPU
		{AB27E3B5-D0BB-4997-A26D-FFE4B392F056}.Development|Any CPU.Build.0 = Development|Any CPU
		{AB27E3B5-D0BB-4997-A26D-FFE4B392F056}.Shipping|Any CPU.ActiveCfg = Shipping|Any CPU
		{AB27E3B5-D0BB-4997-A26D-FFE4B392F056}.Shipping|Any CPU.Build.0 = Shipping|Any CPU
		{19BF69A2-980F-4FCB-9FF7-F93D8F29303E}.Debug|Any CPU.ActiveCfg = Debug|Any CPU
		{19BF69A2-980F-4FCB-9FF7-F93D8F29303E}.Debug|Any CPU.Build.0 = Debug|Any CPU
		{19BF69A2-980F-4FCB-9FF7-F93D8F29303E}.Development|Any CPU.ActiveCfg = Development|Any CPU
		{19BF69A2-980F-4FCB-9FF7-F93D8F29303E}.Development|Any CPU.Build.0 = Development|Any CPU
		{19BF69A2-980F-4FCB-9FF7-F93D8F29303E}.Shipping|Any CPU.ActiveCfg = Shipping|Any CPU
		{19BF69A2-980F-4FCB-9FF7-F93D8F29303E}.Shipping|Any CPU.Build.0 = Shipping|Any CPU
	EndGlobalSection
	GlobalSection(SolutionProperties) = preSolution
		HideSolutionNode = FALSE
	EndGlobalSection
	GlobalSection(NestedProjects) = preSolution
		{9C630A60-7849-4D61-879F-061B887B9587} = {827E0CD3-B72D-47B6-A68D-7590B98EB39B}
		{3518249E-8371-4830-BF6E-4BE9D60038E9} = {827E0CD3-B72D-47B6-A68D-7590B98EB39B}
		{309420BF-2C0E-4C5B-8E77-13201F70415A} = {827E0CD3-B72D-47B6-A68D-7590B98EB39B}
		{91552100-549B-123C-6DD6-CB12AA27448A} = {809F86A1-1C4C-B159-0CD4-DF9D33D876CE}
		{1EF4D47E-7006-E733-9498-003A5BCF710E} = {91552100-549B-123C-6DD6-CB12AA27448A}
		{C842ADF3-2CA6-4389-8869-B047DE038A33} = {1EF4D47E-7006-E733-9498-003A5BCF710E}
		{AB27E3B5-D0BB-4997-A26D-FFE4B392F056} = {827E0CD3-B72D-47B6-A68D-7590B98EB39B}
		{19BF69A2-980F-4FCB-9FF7-F93D8F29303E} = {0AB3BF05-4346-4AA6-1389-037BE0695223}
	EndGlobalSection
EndGlobal
