
Microsoft Visual Studio Solution File, Format Version 12.00
# Visual Studio Version 17
VisualStudioVersion = 17.0.31903.59
MinimumVisualStudioVersion = 10.0.40219.1
Project("{2150E333-8FDC-42A3-9474-1A3956D46DE8}") = "src", "src", "{827E0CD3-B72D-47B6-A68D-7590B98EB39B}"
EndProject
Project("{FAE04EC0-301F-11D3-BF4B-00C04F79EFBC}") = "Sage.Core", "src\Sage.Core\Sage.Core.csproj", "{C8E71175-2226-41AA-8613-36708FB3E527}"
EndProject
Project("{FAE04EC0-301F-11D3-BF4B-00C04F79EFBC}") = "Sage.Simulation", "src\Sage.Simulation\Sage.Simulation.csproj", "{E3FF3C7D-FBF9-475D-843A-2A92B4095B7C}"
EndProject
Project("{FAE04EC0-301F-11D3-BF4B-00C04F79EFBC}") = "Sage.Physics3D", "src\Sage.Physics3D\Sage.Physics3D.csproj", "{166C2BB7-3F68-4C56-B4D7-5C8DCB6545E4}"
EndProject
Project("{FAE04EC0-301F-11D3-BF4B-00C04F79EFBC}") = "Sage.Gameplay", "src\Sage.Gameplay\Sage.Gameplay.csproj", "{EFC46130-3381-4A17-B78C-37354093C96C}"
EndProject
Project("{FAE04EC0-301F-11D3-BF4B-00C04F79EFBC}") = "Sage.Generators", "src\Sage.Generators\Sage.Generators.csproj", "{7F56B6E3-F765-46BE-BFB2-F8D050103263}"
EndProject
Project("{FAE04EC0-301F-11D3-BF4B-00C04F79EFBC}") = "Sage.Client", "src\Sage.Client\Sage.Client.csproj", "{3518249E-8371-4830-BF6E-4BE9D60038E9}"
EndProject
Project("{FAE04EC0-301F-11D3-BF4B-00C04F79EFBC}") = "Sage.Editor", "src\Sage.Editor\Sage.Editor.csproj", "{309420BF-2C0E-4C5B-8E77-13201F70415A}"
EndProject
Project("{2150E333-8FDC-42A3-9474-1A3956D46DE8}") = "third_party", "third_party", "{809F86A1-1C4C-B159-0CD4-DF9D33D876CE}"
EndProject
Project("{FAE04EC0-301F-11D3-BF4B-00C04F79EFBC}") = "Monogame.ImGuiNet", "third_party\MonoGame.ImGuiNet\Monogame.ImGuiNet.csproj", "{C842ADF3-2CA6-4389-8869-B047DE038A33}"
EndProject
Project("{FAE04EC0-301F-11D3-BF4B-00C04F79EFBC}") = "Sage.Host", "src\Sage.Host\Sage.Host.csproj", "{AB27E3B5-D0BB-4997-A26D-FFE4B392F056}"
EndProject
Project("{2150E333-8FDC-42A3-9474-1A3956D46DE8}") = "tests", "tests", "{0AB3BF05-4346-4AA6-1389-037BE0695223}"
EndProject
Project("{FAE04EC0-301F-11D3-BF4B-00C04F79EFBC}") = "Sage.Tests", "tests\Sage.Tests\Sage.Tests.csproj", "{19BF69A2-980F-4FCB-9FF7-F93D8F29303E}"
EndProject
Project("{FAE04EC0-301F-11D3-BF4B-00C04F79EFBC}") = "Sage.Testing", "tests\Sage.Testing\Sage.Testing.csproj", "{C96569D0-1336-43EB-B12F-57C3E454F866}"
EndProject
Project("{2150E333-8FDC-42A3-9474-1A3956D46DE8}") = "games", "games", "{04252BA6-B404-FD3B-81B5-D989EEE58EED}"
EndProject
Project("{FAE04EC0-301F-11D3-BF4B-00C04F79EFBC}") = "Sandbox", "games\Sandbox\Sandbox.csproj", "{047B3F59-D26A-40DF-872F-BD02442D7A2D}"
EndProject
Project("{FAE04EC0-301F-11D3-BF4B-00C04F79EFBC}") = "Sandbox.Client", "games\Sandbox.Client\Sandbox.Client.csproj", "{BB495D05-FABB-494C-B52D-087AC0EF6BF5}"
EndProject
Project("{FAE04EC0-301F-11D3-BF4B-00C04F79EFBC}") = "Hello", "games\Hello\Hello.csproj", "{4A4AD9FD-F1AF-442E-95AA-142AF280D83B}"
EndProject
Project("{FAE04EC0-301F-11D3-BF4B-00C04F79EFBC}") = "Sage.Cli", "src\Sage.Cli\Sage.Cli.csproj", "{9B2F843B-28E7-469F-B66B-B6CDCCD316B3}"
EndProject
Project("{FAE04EC0-301F-11D3-BF4B-00C04F79EFBC}") = "Sage.Kits.Rpg", "src\Sage.Kits.Rpg\Sage.Kits.Rpg.csproj", "{07ECAA2B-43EB-4546-AD70-EE01F3A0388E}"
EndProject
Project("{FAE04EC0-301F-11D3-BF4B-00C04F79EFBC}") = "Sage.Kits.Rpg.Client", "src\Sage.Kits.Rpg.Client\Sage.Kits.Rpg.Client.csproj", "{22FAE295-7DF0-4BB4-8EC8-9D479DA3994B}"
EndProject
Global
	GlobalSection(SolutionConfigurationPlatforms) = preSolution
		Debug|Any CPU = Debug|Any CPU
		Debug|x64 = Debug|x64
		Debug|x86 = Debug|x86
		Development|Any CPU = Development|Any CPU
		Development|x64 = Development|x64
		Development|x86 = Development|x86
		Shipping|Any CPU = Shipping|Any CPU
		Shipping|x64 = Shipping|x64
		Shipping|x86 = Shipping|x86
		Release|Any CPU = Release|Any CPU
		Release|x64 = Release|x64
		Release|x86 = Release|x86
	EndGlobalSection
	GlobalSection(ProjectConfigurationPlatforms) = postSolution
		{C8E71175-2226-41AA-8613-36708FB3E527}.Debug|Any CPU.ActiveCfg = Debug|Any CPU
		{E3FF3C7D-FBF9-475D-843A-2A92B4095B7C}.Debug|Any CPU.ActiveCfg = Debug|Any CPU
		{166C2BB7-3F68-4C56-B4D7-5C8DCB6545E4}.Debug|Any CPU.ActiveCfg = Debug|Any CPU
		{EFC46130-3381-4A17-B78C-37354093C96C}.Debug|Any CPU.ActiveCfg = Debug|Any CPU
		{7F56B6E3-F765-46BE-BFB2-F8D050103263}.Debug|Any CPU.ActiveCfg = Debug|Any CPU
		{C8E71175-2226-41AA-8613-36708FB3E527}.Debug|Any CPU.Build.0 = Debug|Any CPU
		{E3FF3C7D-FBF9-475D-843A-2A92B4095B7C}.Debug|Any CPU.Build.0 = Debug|Any CPU
		{166C2BB7-3F68-4C56-B4D7-5C8DCB6545E4}.Debug|Any CPU.Build.0 = Debug|Any CPU
		{EFC46130-3381-4A17-B78C-37354093C96C}.Debug|Any CPU.Build.0 = Debug|Any CPU
		{7F56B6E3-F765-46BE-BFB2-F8D050103263}.Debug|Any CPU.Build.0 = Debug|Any CPU
		{C8E71175-2226-41AA-8613-36708FB3E527}.Debug|x64.ActiveCfg = Debug|Any CPU
		{E3FF3C7D-FBF9-475D-843A-2A92B4095B7C}.Debug|x64.ActiveCfg = Debug|Any CPU
		{166C2BB7-3F68-4C56-B4D7-5C8DCB6545E4}.Debug|x64.ActiveCfg = Debug|Any CPU
		{EFC46130-3381-4A17-B78C-37354093C96C}.Debug|x64.ActiveCfg = Debug|Any CPU
		{7F56B6E3-F765-46BE-BFB2-F8D050103263}.Debug|x64.ActiveCfg = Debug|Any CPU
		{C8E71175-2226-41AA-8613-36708FB3E527}.Debug|x64.Build.0 = Debug|Any CPU
		{E3FF3C7D-FBF9-475D-843A-2A92B4095B7C}.Debug|x64.Build.0 = Debug|Any CPU
		{166C2BB7-3F68-4C56-B4D7-5C8DCB6545E4}.Debug|x64.Build.0 = Debug|Any CPU
		{EFC46130-3381-4A17-B78C-37354093C96C}.Debug|x64.Build.0 = Debug|Any CPU
		{7F56B6E3-F765-46BE-BFB2-F8D050103263}.Debug|x64.Build.0 = Debug|Any CPU
		{C8E71175-2226-41AA-8613-36708FB3E527}.Debug|x86.ActiveCfg = Debug|Any CPU
		{E3FF3C7D-FBF9-475D-843A-2A92B4095B7C}.Debug|x86.ActiveCfg = Debug|Any CPU
		{166C2BB7-3F68-4C56-B4D7-5C8DCB6545E4}.Debug|x86.ActiveCfg = Debug|Any CPU
		{EFC46130-3381-4A17-B78C-37354093C96C}.Debug|x86.ActiveCfg = Debug|Any CPU
		{7F56B6E3-F765-46BE-BFB2-F8D050103263}.Debug|x86.ActiveCfg = Debug|Any CPU
		{C8E71175-2226-41AA-8613-36708FB3E527}.Debug|x86.Build.0 = Debug|Any CPU
		{E3FF3C7D-FBF9-475D-843A-2A92B4095B7C}.Debug|x86.Build.0 = Debug|Any CPU
		{166C2BB7-3F68-4C56-B4D7-5C8DCB6545E4}.Debug|x86.Build.0 = Debug|Any CPU
		{EFC46130-3381-4A17-B78C-37354093C96C}.Debug|x86.Build.0 = Debug|Any CPU
		{7F56B6E3-F765-46BE-BFB2-F8D050103263}.Debug|x86.Build.0 = Debug|Any CPU
		{C8E71175-2226-41AA-8613-36708FB3E527}.Development|Any CPU.ActiveCfg = Development|Any CPU
		{E3FF3C7D-FBF9-475D-843A-2A92B4095B7C}.Development|Any CPU.ActiveCfg = Development|Any CPU
		{166C2BB7-3F68-4C56-B4D7-5C8DCB6545E4}.Development|Any CPU.ActiveCfg = Development|Any CPU
		{EFC46130-3381-4A17-B78C-37354093C96C}.Development|Any CPU.ActiveCfg = Development|Any CPU
		{7F56B6E3-F765-46BE-BFB2-F8D050103263}.Development|Any CPU.ActiveCfg = Development|Any CPU
		{C8E71175-2226-41AA-8613-36708FB3E527}.Development|Any CPU.Build.0 = Development|Any CPU
		{E3FF3C7D-FBF9-475D-843A-2A92B4095B7C}.Development|Any CPU.Build.0 = Development|Any CPU
		{166C2BB7-3F68-4C56-B4D7-5C8DCB6545E4}.Development|Any CPU.Build.0 = Development|Any CPU
		{EFC46130-3381-4A17-B78C-37354093C96C}.Development|Any CPU.Build.0 = Development|Any CPU
		{7F56B6E3-F765-46BE-BFB2-F8D050103263}.Development|Any CPU.Build.0 = Development|Any CPU
		{C8E71175-2226-41AA-8613-36708FB3E527}.Development|x64.ActiveCfg = Development|Any CPU
		{E3FF3C7D-FBF9-475D-843A-2A92B4095B7C}.Development|x64.ActiveCfg = Development|Any CPU
		{166C2BB7-3F68-4C56-B4D7-5C8DCB6545E4}.Development|x64.ActiveCfg = Development|Any CPU
		{EFC46130-3381-4A17-B78C-37354093C96C}.Development|x64.ActiveCfg = Development|Any CPU
		{7F56B6E3-F765-46BE-BFB2-F8D050103263}.Development|x64.ActiveCfg = Development|Any CPU
		{C8E71175-2226-41AA-8613-36708FB3E527}.Development|x64.Build.0 = Development|Any CPU
		{E3FF3C7D-FBF9-475D-843A-2A92B4095B7C}.Development|x64.Build.0 = Development|Any CPU
		{166C2BB7-3F68-4C56-B4D7-5C8DCB6545E4}.Development|x64.Build.0 = Development|Any CPU
		{EFC46130-3381-4A17-B78C-37354093C96C}.Development|x64.Build.0 = Development|Any CPU
		{7F56B6E3-F765-46BE-BFB2-F8D050103263}.Development|x64.Build.0 = Development|Any CPU
		{C8E71175-2226-41AA-8613-36708FB3E527}.Development|x86.ActiveCfg = Development|Any CPU
		{E3FF3C7D-FBF9-475D-843A-2A92B4095B7C}.Development|x86.ActiveCfg = Development|Any CPU
		{166C2BB7-3F68-4C56-B4D7-5C8DCB6545E4}.Development|x86.ActiveCfg = Development|Any CPU
		{EFC46130-3381-4A17-B78C-37354093C96C}.Development|x86.ActiveCfg = Development|Any CPU
		{7F56B6E3-F765-46BE-BFB2-F8D050103263}.Development|x86.ActiveCfg = Development|Any CPU
		{C8E71175-2226-41AA-8613-36708FB3E527}.Development|x86.Build.0 = Development|Any CPU
		{E3FF3C7D-FBF9-475D-843A-2A92B4095B7C}.Development|x86.Build.0 = Development|Any CPU
		{166C2BB7-3F68-4C56-B4D7-5C8DCB6545E4}.Development|x86.Build.0 = Development|Any CPU
		{EFC46130-3381-4A17-B78C-37354093C96C}.Development|x86.Build.0 = Development|Any CPU
		{7F56B6E3-F765-46BE-BFB2-F8D050103263}.Development|x86.Build.0 = Development|Any CPU
		{C8E71175-2226-41AA-8613-36708FB3E527}.Shipping|Any CPU.ActiveCfg = Shipping|Any CPU
		{E3FF3C7D-FBF9-475D-843A-2A92B4095B7C}.Shipping|Any CPU.ActiveCfg = Shipping|Any CPU
		{166C2BB7-3F68-4C56-B4D7-5C8DCB6545E4}.Shipping|Any CPU.ActiveCfg = Shipping|Any CPU
		{EFC46130-3381-4A17-B78C-37354093C96C}.Shipping|Any CPU.ActiveCfg = Shipping|Any CPU
		{7F56B6E3-F765-46BE-BFB2-F8D050103263}.Shipping|Any CPU.ActiveCfg = Shipping|Any CPU
		{C8E71175-2226-41AA-8613-36708FB3E527}.Shipping|Any CPU.Build.0 = Shipping|Any CPU
		{E3FF3C7D-FBF9-475D-843A-2A92B4095B7C}.Shipping|Any CPU.Build.0 = Shipping|Any CPU
		{166C2BB7-3F68-4C56-B4D7-5C8DCB6545E4}.Shipping|Any CPU.Build.0 = Shipping|Any CPU
		{EFC46130-3381-4A17-B78C-37354093C96C}.Shipping|Any CPU.Build.0 = Shipping|Any CPU
		{7F56B6E3-F765-46BE-BFB2-F8D050103263}.Shipping|Any CPU.Build.0 = Shipping|Any CPU
		{C8E71175-2226-41AA-8613-36708FB3E527}.Shipping|x64.ActiveCfg = Shipping|Any CPU
		{E3FF3C7D-FBF9-475D-843A-2A92B4095B7C}.Shipping|x64.ActiveCfg = Shipping|Any CPU
		{166C2BB7-3F68-4C56-B4D7-5C8DCB6545E4}.Shipping|x64.ActiveCfg = Shipping|Any CPU
		{EFC46130-3381-4A17-B78C-37354093C96C}.Shipping|x64.ActiveCfg = Shipping|Any CPU
		{7F56B6E3-F765-46BE-BFB2-F8D050103263}.Shipping|x64.ActiveCfg = Shipping|Any CPU
		{C8E71175-2226-41AA-8613-36708FB3E527}.Shipping|x64.Build.0 = Shipping|Any CPU
		{E3FF3C7D-FBF9-475D-843A-2A92B4095B7C}.Shipping|x64.Build.0 = Shipping|Any CPU
		{166C2BB7-3F68-4C56-B4D7-5C8DCB6545E4}.Shipping|x64.Build.0 = Shipping|Any CPU
		{EFC46130-3381-4A17-B78C-37354093C96C}.Shipping|x64.Build.0 = Shipping|Any CPU
		{7F56B6E3-F765-46BE-BFB2-F8D050103263}.Shipping|x64.Build.0 = Shipping|Any CPU
		{C8E71175-2226-41AA-8613-36708FB3E527}.Shipping|x86.ActiveCfg = Shipping|Any CPU
		{E3FF3C7D-FBF9-475D-843A-2A92B4095B7C}.Shipping|x86.ActiveCfg = Shipping|Any CPU
		{166C2BB7-3F68-4C56-B4D7-5C8DCB6545E4}.Shipping|x86.ActiveCfg = Shipping|Any CPU
		{EFC46130-3381-4A17-B78C-37354093C96C}.Shipping|x86.ActiveCfg = Shipping|Any CPU
		{7F56B6E3-F765-46BE-BFB2-F8D050103263}.Shipping|x86.ActiveCfg = Shipping|Any CPU
		{C8E71175-2226-41AA-8613-36708FB3E527}.Shipping|x86.Build.0 = Shipping|Any CPU
		{E3FF3C7D-FBF9-475D-843A-2A92B4095B7C}.Shipping|x86.Build.0 = Shipping|Any CPU
		{166C2BB7-3F68-4C56-B4D7-5C8DCB6545E4}.Shipping|x86.Build.0 = Shipping|Any CPU
		{EFC46130-3381-4A17-B78C-37354093C96C}.Shipping|x86.Build.0 = Shipping|Any CPU
		{7F56B6E3-F765-46BE-BFB2-F8D050103263}.Shipping|x86.Build.0 = Shipping|Any CPU
		{C8E71175-2226-41AA-8613-36708FB3E527}.Release|Any CPU.ActiveCfg = Release|Any CPU
		{E3FF3C7D-FBF9-475D-843A-2A92B4095B7C}.Release|Any CPU.ActiveCfg = Release|Any CPU
		{166C2BB7-3F68-4C56-B4D7-5C8DCB6545E4}.Release|Any CPU.ActiveCfg = Release|Any CPU
		{EFC46130-3381-4A17-B78C-37354093C96C}.Release|Any CPU.ActiveCfg = Release|Any CPU
		{7F56B6E3-F765-46BE-BFB2-F8D050103263}.Release|Any CPU.ActiveCfg = Release|Any CPU
		{C8E71175-2226-41AA-8613-36708FB3E527}.Release|Any CPU.Build.0 = Release|Any CPU
		{E3FF3C7D-FBF9-475D-843A-2A92B4095B7C}.Release|Any CPU.Build.0 = Release|Any CPU
		{166C2BB7-3F68-4C56-B4D7-5C8DCB6545E4}.Release|Any CPU.Build.0 = Release|Any CPU
		{EFC46130-3381-4A17-B78C-37354093C96C}.Release|Any CPU.Build.0 = Release|Any CPU
		{7F56B6E3-F765-46BE-BFB2-F8D050103263}.Release|Any CPU.Build.0 = Release|Any CPU
		{C8E71175-2226-41AA-8613-36708FB3E527}.Release|x64.ActiveCfg = Release|Any CPU
		{E3FF3C7D-FBF9-475D-843A-2A92B4095B7C}.Release|x64.ActiveCfg = Release|Any CPU
		{166C2BB7-3F68-4C56-B4D7-5C8DCB6545E4}.Release|x64.ActiveCfg = Release|Any CPU
		{EFC46130-3381-4A17-B78C-37354093C96C}.Release|x64.ActiveCfg = Release|Any CPU
		{7F56B6E3-F765-46BE-BFB2-F8D050103263}.Release|x64.ActiveCfg = Release|Any CPU
		{C8E71175-2226-41AA-8613-36708FB3E527}.Release|x64.Build.0 = Release|Any CPU
		{E3FF3C7D-FBF9-475D-843A-2A92B4095B7C}.Release|x64.Build.0 = Release|Any CPU
		{166C2BB7-3F68-4C56-B4D7-5C8DCB6545E4}.Release|x64.Build.0 = Release|Any CPU
		{EFC46130-3381-4A17-B78C-37354093C96C}.Release|x64.Build.0 = Release|Any CPU
		{7F56B6E3-F765-46BE-BFB2-F8D050103263}.Release|x64.Build.0 = Release|Any CPU
		{C8E71175-2226-41AA-8613-36708FB3E527}.Release|x86.ActiveCfg = Release|Any CPU
		{E3FF3C7D-FBF9-475D-843A-2A92B4095B7C}.Release|x86.ActiveCfg = Release|Any CPU
		{166C2BB7-3F68-4C56-B4D7-5C8DCB6545E4}.Release|x86.ActiveCfg = Release|Any CPU
		{EFC46130-3381-4A17-B78C-37354093C96C}.Release|x86.ActiveCfg = Release|Any CPU
		{7F56B6E3-F765-46BE-BFB2-F8D050103263}.Release|x86.ActiveCfg = Release|Any CPU
		{C8E71175-2226-41AA-8613-36708FB3E527}.Release|x86.Build.0 = Release|Any CPU
		{E3FF3C7D-FBF9-475D-843A-2A92B4095B7C}.Release|x86.Build.0 = Release|Any CPU
		{166C2BB7-3F68-4C56-B4D7-5C8DCB6545E4}.Release|x86.Build.0 = Release|Any CPU
		{EFC46130-3381-4A17-B78C-37354093C96C}.Release|x86.Build.0 = Release|Any CPU
		{9B2F843B-28E7-469F-B66B-B6CDCCD316B3}.Debug|Any CPU.ActiveCfg = Debug|Any CPU
		{9B2F843B-28E7-469F-B66B-B6CDCCD316B3}.Debug|Any CPU.Build.0 = Debug|Any CPU
		{9B2F843B-28E7-469F-B66B-B6CDCCD316B3}.Debug|x64.ActiveCfg = Debug|Any CPU
		{9B2F843B-28E7-469F-B66B-B6CDCCD316B3}.Debug|x64.Build.0 = Debug|Any CPU
		{9B2F843B-28E7-469F-B66B-B6CDCCD316B3}.Debug|x86.ActiveCfg = Debug|Any CPU
		{9B2F843B-28E7-469F-B66B-B6CDCCD316B3}.Debug|x86.Build.0 = Debug|Any CPU
		{9B2F843B-28E7-469F-B66B-B6CDCCD316B3}.Development|Any CPU.ActiveCfg = Development|Any CPU
		{9B2F843B-28E7-469F-B66B-B6CDCCD316B3}.Development|Any CPU.Build.0 = Development|Any CPU
		{9B2F843B-28E7-469F-B66B-B6CDCCD316B3}.Development|x64.ActiveCfg = Development|Any CPU
		{9B2F843B-28E7-469F-B66B-B6CDCCD316B3}.Development|x64.Build.0 = Development|Any CPU
		{9B2F843B-28E7-469F-B66B-B6CDCCD316B3}.Development|x86.ActiveCfg = Development|Any CPU
		{9B2F843B-28E7-469F-B66B-B6CDCCD316B3}.Development|x86.Build.0 = Development|Any CPU
		{9B2F843B-28E7-469F-B66B-B6CDCCD316B3}.Shipping|Any CPU.ActiveCfg = Shipping|Any CPU
		{9B2F843B-28E7-469F-B66B-B6CDCCD316B3}.Shipping|Any CPU.Build.0 = Shipping|Any CPU
		{9B2F843B-28E7-469F-B66B-B6CDCCD316B3}.Shipping|x64.ActiveCfg = Shipping|Any CPU
		{9B2F843B-28E7-469F-B66B-B6CDCCD316B3}.Shipping|x64.Build.0 = Shipping|Any CPU
		{9B2F843B-28E7-469F-B66B-B6CDCCD316B3}.Shipping|x86.ActiveCfg = Shipping|Any CPU
		{9B2F843B-28E7-469F-B66B-B6CDCCD316B3}.Shipping|x86.Build.0 = Shipping|Any CPU
		{9B2F843B-28E7-469F-B66B-B6CDCCD316B3}.Release|Any CPU.ActiveCfg = Release|Any CPU
		{9B2F843B-28E7-469F-B66B-B6CDCCD316B3}.Release|Any CPU.Build.0 = Release|Any CPU
		{9B2F843B-28E7-469F-B66B-B6CDCCD316B3}.Release|x64.ActiveCfg = Release|Any CPU
		{9B2F843B-28E7-469F-B66B-B6CDCCD316B3}.Release|x64.Build.0 = Release|Any CPU
		{9B2F843B-28E7-469F-B66B-B6CDCCD316B3}.Release|x86.ActiveCfg = Release|Any CPU
		{9B2F843B-28E7-469F-B66B-B6CDCCD316B3}.Release|x86.Build.0 = Release|Any CPU
		{07ECAA2B-43EB-4546-AD70-EE01F3A0388E}.Debug|Any CPU.ActiveCfg = Debug|Any CPU
		{07ECAA2B-43EB-4546-AD70-EE01F3A0388E}.Debug|Any CPU.Build.0 = Debug|Any CPU
		{07ECAA2B-43EB-4546-AD70-EE01F3A0388E}.Debug|x64.ActiveCfg = Debug|Any CPU
		{07ECAA2B-43EB-4546-AD70-EE01F3A0388E}.Debug|x64.Build.0 = Debug|Any CPU
		{07ECAA2B-43EB-4546-AD70-EE01F3A0388E}.Debug|x86.ActiveCfg = Debug|Any CPU
		{07ECAA2B-43EB-4546-AD70-EE01F3A0388E}.Debug|x86.Build.0 = Debug|Any CPU
		{07ECAA2B-43EB-4546-AD70-EE01F3A0388E}.Development|Any CPU.ActiveCfg = Development|Any CPU
		{07ECAA2B-43EB-4546-AD70-EE01F3A0388E}.Development|Any CPU.Build.0 = Development|Any CPU
		{07ECAA2B-43EB-4546-AD70-EE01F3A0388E}.Development|x64.ActiveCfg = Development|Any CPU
		{07ECAA2B-43EB-4546-AD70-EE01F3A0388E}.Development|x64.Build.0 = Development|Any CPU
		{07ECAA2B-43EB-4546-AD70-EE01F3A0388E}.Development|x86.ActiveCfg = Development|Any CPU
		{07ECAA2B-43EB-4546-AD70-EE01F3A0388E}.Development|x86.Build.0 = Development|Any CPU
		{07ECAA2B-43EB-4546-AD70-EE01F3A0388E}.Shipping|Any CPU.ActiveCfg = Shipping|Any CPU
		{07ECAA2B-43EB-4546-AD70-EE01F3A0388E}.Shipping|Any CPU.Build.0 = Shipping|Any CPU
		{07ECAA2B-43EB-4546-AD70-EE01F3A0388E}.Shipping|x64.ActiveCfg = Shipping|Any CPU
		{07ECAA2B-43EB-4546-AD70-EE01F3A0388E}.Shipping|x64.Build.0 = Shipping|Any CPU
		{07ECAA2B-43EB-4546-AD70-EE01F3A0388E}.Shipping|x86.ActiveCfg = Shipping|Any CPU
		{07ECAA2B-43EB-4546-AD70-EE01F3A0388E}.Shipping|x86.Build.0 = Shipping|Any CPU
		{07ECAA2B-43EB-4546-AD70-EE01F3A0388E}.Release|Any CPU.ActiveCfg = Release|Any CPU
		{07ECAA2B-43EB-4546-AD70-EE01F3A0388E}.Release|Any CPU.Build.0 = Release|Any CPU
		{07ECAA2B-43EB-4546-AD70-EE01F3A0388E}.Release|x64.ActiveCfg = Release|Any CPU
		{07ECAA2B-43EB-4546-AD70-EE01F3A0388E}.Release|x64.Build.0 = Release|Any CPU
		{07ECAA2B-43EB-4546-AD70-EE01F3A0388E}.Release|x86.ActiveCfg = Release|Any CPU
		{07ECAA2B-43EB-4546-AD70-EE01F3A0388E}.Release|x86.Build.0 = Release|Any CPU
		{22FAE295-7DF0-4BB4-8EC8-9D479DA3994B}.Debug|Any CPU.ActiveCfg = Debug|Any CPU
		{22FAE295-7DF0-4BB4-8EC8-9D479DA3994B}.Debug|Any CPU.Build.0 = Debug|Any CPU
		{22FAE295-7DF0-4BB4-8EC8-9D479DA3994B}.Debug|x64.ActiveCfg = Debug|Any CPU
		{22FAE295-7DF0-4BB4-8EC8-9D479DA3994B}.Debug|x64.Build.0 = Debug|Any CPU
		{22FAE295-7DF0-4BB4-8EC8-9D479DA3994B}.Debug|x86.ActiveCfg = Debug|Any CPU
		{22FAE295-7DF0-4BB4-8EC8-9D479DA3994B}.Debug|x86.Build.0 = Debug|Any CPU
		{22FAE295-7DF0-4BB4-8EC8-9D479DA3994B}.Development|Any CPU.ActiveCfg = Development|Any CPU
		{22FAE295-7DF0-4BB4-8EC8-9D479DA3994B}.Development|Any CPU.Build.0 = Development|Any CPU
		{22FAE295-7DF0-4BB4-8EC8-9D479DA3994B}.Development|x64.ActiveCfg = Development|Any CPU
		{22FAE295-7DF0-4BB4-8EC8-9D479DA3994B}.Development|x64.Build.0 = Development|Any CPU
		{22FAE295-7DF0-4BB4-8EC8-9D479DA3994B}.Development|x86.ActiveCfg = Development|Any CPU
		{22FAE295-7DF0-4BB4-8EC8-9D479DA3994B}.Development|x86.Build.0 = Development|Any CPU
		{22FAE295-7DF0-4BB4-8EC8-9D479DA3994B}.Shipping|Any CPU.ActiveCfg = Shipping|Any CPU
		{22FAE295-7DF0-4BB4-8EC8-9D479DA3994B}.Shipping|Any CPU.Build.0 = Shipping|Any CPU
		{22FAE295-7DF0-4BB4-8EC8-9D479DA3994B}.Shipping|x64.ActiveCfg = Shipping|Any CPU
		{22FAE295-7DF0-4BB4-8EC8-9D479DA3994B}.Shipping|x64.Build.0 = Shipping|Any CPU
		{22FAE295-7DF0-4BB4-8EC8-9D479DA3994B}.Shipping|x86.ActiveCfg = Shipping|Any CPU
		{22FAE295-7DF0-4BB4-8EC8-9D479DA3994B}.Shipping|x86.Build.0 = Shipping|Any CPU
		{22FAE295-7DF0-4BB4-8EC8-9D479DA3994B}.Release|Any CPU.ActiveCfg = Release|Any CPU
		{22FAE295-7DF0-4BB4-8EC8-9D479DA3994B}.Release|Any CPU.Build.0 = Release|Any CPU
		{22FAE295-7DF0-4BB4-8EC8-9D479DA3994B}.Release|x64.ActiveCfg = Release|Any CPU
		{22FAE295-7DF0-4BB4-8EC8-9D479DA3994B}.Release|x64.Build.0 = Release|Any CPU
		{22FAE295-7DF0-4BB4-8EC8-9D479DA3994B}.Release|x86.ActiveCfg = Release|Any CPU
		{22FAE295-7DF0-4BB4-8EC8-9D479DA3994B}.Release|x86.Build.0 = Release|Any CPU
		{7F56B6E3-F765-46BE-BFB2-F8D050103263}.Release|x86.Build.0 = Release|Any CPU
		{3518249E-8371-4830-BF6E-4BE9D60038E9}.Debug|Any CPU.ActiveCfg = Debug|Any CPU
		{3518249E-8371-4830-BF6E-4BE9D60038E9}.Debug|Any CPU.Build.0 = Debug|Any CPU
		{3518249E-8371-4830-BF6E-4BE9D60038E9}.Debug|x64.ActiveCfg = Debug|Any CPU
		{3518249E-8371-4830-BF6E-4BE9D60038E9}.Debug|x64.Build.0 = Debug|Any CPU
		{3518249E-8371-4830-BF6E-4BE9D60038E9}.Debug|x86.ActiveCfg = Debug|Any CPU
		{3518249E-8371-4830-BF6E-4BE9D60038E9}.Debug|x86.Build.0 = Debug|Any CPU
		{3518249E-8371-4830-BF6E-4BE9D60038E9}.Development|Any CPU.ActiveCfg = Development|Any CPU
		{3518249E-8371-4830-BF6E-4BE9D60038E9}.Development|Any CPU.Build.0 = Development|Any CPU
		{3518249E-8371-4830-BF6E-4BE9D60038E9}.Development|x64.ActiveCfg = Development|Any CPU
		{3518249E-8371-4830-BF6E-4BE9D60038E9}.Development|x64.Build.0 = Development|Any CPU
		{3518249E-8371-4830-BF6E-4BE9D60038E9}.Development|x86.ActiveCfg = Development|Any CPU
		{3518249E-8371-4830-BF6E-4BE9D60038E9}.Development|x86.Build.0 = Development|Any CPU
		{3518249E-8371-4830-BF6E-4BE9D60038E9}.Shipping|Any CPU.ActiveCfg = Shipping|Any CPU
		{3518249E-8371-4830-BF6E-4BE9D60038E9}.Shipping|Any CPU.Build.0 = Shipping|Any CPU
		{3518249E-8371-4830-BF6E-4BE9D60038E9}.Shipping|x64.ActiveCfg = Shipping|Any CPU
		{3518249E-8371-4830-BF6E-4BE9D60038E9}.Shipping|x64.Build.0 = Shipping|Any CPU
		{3518249E-8371-4830-BF6E-4BE9D60038E9}.Shipping|x86.ActiveCfg = Shipping|Any CPU
		{3518249E-8371-4830-BF6E-4BE9D60038E9}.Shipping|x86.Build.0 = Shipping|Any CPU
		{3518249E-8371-4830-BF6E-4BE9D60038E9}.Release|Any CPU.ActiveCfg = Release|Any CPU
		{3518249E-8371-4830-BF6E-4BE9D60038E9}.Release|Any CPU.Build.0 = Release|Any CPU
		{3518249E-8371-4830-BF6E-4BE9D60038E9}.Release|x64.ActiveCfg = Release|Any CPU
		{3518249E-8371-4830-BF6E-4BE9D60038E9}.Release|x64.Build.0 = Release|Any CPU
		{3518249E-8371-4830-BF6E-4BE9D60038E9}.Release|x86.ActiveCfg = Release|Any CPU
		{3518249E-8371-4830-BF6E-4BE9D60038E9}.Release|x86.Build.0 = Release|Any CPU
		{309420BF-2C0E-4C5B-8E77-13201F70415A}.Debug|Any CPU.ActiveCfg = Debug|Any CPU
		{309420BF-2C0E-4C5B-8E77-13201F70415A}.Debug|Any CPU.Build.0 = Debug|Any CPU
		{309420BF-2C0E-4C5B-8E77-13201F70415A}.Debug|x64.ActiveCfg = Debug|Any CPU
		{309420BF-2C0E-4C5B-8E77-13201F70415A}.Debug|x64.Build.0 = Debug|Any CPU
		{309420BF-2C0E-4C5B-8E77-13201F70415A}.Debug|x86.ActiveCfg = Debug|Any CPU
		{309420BF-2C0E-4C5B-8E77-13201F70415A}.Debug|x86.Build.0 = Debug|Any CPU
		{309420BF-2C0E-4C5B-8E77-13201F70415A}.Development|Any CPU.ActiveCfg = Development|Any CPU
		{309420BF-2C0E-4C5B-8E77-13201F70415A}.Development|Any CPU.Build.0 = Development|Any CPU
		{309420BF-2C0E-4C5B-8E77-13201F70415A}.Development|x64.ActiveCfg = Development|Any CPU
		{309420BF-2C0E-4C5B-8E77-13201F70415A}.Development|x64.Build.0 = Development|Any CPU
		{309420BF-2C0E-4C5B-8E77-13201F70415A}.Development|x86.ActiveCfg = Development|Any CPU
		{309420BF-2C0E-4C5B-8E77-13201F70415A}.Development|x86.Build.0 = Development|Any CPU
		{309420BF-2C0E-4C5B-8E77-13201F70415A}.Shipping|Any CPU.ActiveCfg = Shipping|Any CPU
		{309420BF-2C0E-4C5B-8E77-13201F70415A}.Shipping|Any CPU.Build.0 = Shipping|Any CPU
		{309420BF-2C0E-4C5B-8E77-13201F70415A}.Shipping|x64.ActiveCfg = Shipping|Any CPU
		{309420BF-2C0E-4C5B-8E77-13201F70415A}.Shipping|x64.Build.0 = Shipping|Any CPU
		{309420BF-2C0E-4C5B-8E77-13201F70415A}.Shipping|x86.ActiveCfg = Shipping|Any CPU
		{309420BF-2C0E-4C5B-8E77-13201F70415A}.Shipping|x86.Build.0 = Shipping|Any CPU
		{309420BF-2C0E-4C5B-8E77-13201F70415A}.Release|Any CPU.ActiveCfg = Release|Any CPU
		{309420BF-2C0E-4C5B-8E77-13201F70415A}.Release|Any CPU.Build.0 = Release|Any CPU
		{309420BF-2C0E-4C5B-8E77-13201F70415A}.Release|x64.ActiveCfg = Release|Any CPU
		{309420BF-2C0E-4C5B-8E77-13201F70415A}.Release|x64.Build.0 = Release|Any CPU
		{309420BF-2C0E-4C5B-8E77-13201F70415A}.Release|x86.ActiveCfg = Release|Any CPU
		{309420BF-2C0E-4C5B-8E77-13201F70415A}.Release|x86.Build.0 = Release|Any CPU
		{C842ADF3-2CA6-4389-8869-B047DE038A33}.Debug|Any CPU.ActiveCfg = Debug|Any CPU
		{C842ADF3-2CA6-4389-8869-B047DE038A33}.Debug|Any CPU.Build.0 = Debug|Any CPU
		{C842ADF3-2CA6-4389-8869-B047DE038A33}.Debug|x64.ActiveCfg = Debug|Any CPU
		{C842ADF3-2CA6-4389-8869-B047DE038A33}.Debug|x64.Build.0 = Debug|Any CPU
		{C842ADF3-2CA6-4389-8869-B047DE038A33}.Debug|x86.ActiveCfg = Debug|Any CPU
		{C842ADF3-2CA6-4389-8869-B047DE038A33}.Debug|x86.Build.0 = Debug|Any CPU
		{C842ADF3-2CA6-4389-8869-B047DE038A33}.Development|Any CPU.ActiveCfg = Release|Any CPU
		{C842ADF3-2CA6-4389-8869-B047DE038A33}.Development|Any CPU.Build.0 = Release|Any CPU
		{C842ADF3-2CA6-4389-8869-B047DE038A33}.Development|x64.ActiveCfg = Development|Any CPU
		{C842ADF3-2CA6-4389-8869-B047DE038A33}.Development|x64.Build.0 = Development|Any CPU
		{C842ADF3-2CA6-4389-8869-B047DE038A33}.Development|x86.ActiveCfg = Development|Any CPU
		{C842ADF3-2CA6-4389-8869-B047DE038A33}.Development|x86.Build.0 = Development|Any CPU
		{C842ADF3-2CA6-4389-8869-B047DE038A33}.Shipping|Any CPU.ActiveCfg = Release|Any CPU
		{C842ADF3-2CA6-4389-8869-B047DE038A33}.Shipping|Any CPU.Build.0 = Release|Any CPU
		{C842ADF3-2CA6-4389-8869-B047DE038A33}.Shipping|x64.ActiveCfg = Shipping|Any CPU
		{C842ADF3-2CA6-4389-8869-B047DE038A33}.Shipping|x64.Build.0 = Shipping|Any CPU
		{C842ADF3-2CA6-4389-8869-B047DE038A33}.Shipping|x86.ActiveCfg = Shipping|Any CPU
		{C842ADF3-2CA6-4389-8869-B047DE038A33}.Shipping|x86.Build.0 = Shipping|Any CPU
		{C842ADF3-2CA6-4389-8869-B047DE038A33}.Release|Any CPU.ActiveCfg = Release|Any CPU
		{C842ADF3-2CA6-4389-8869-B047DE038A33}.Release|Any CPU.Build.0 = Release|Any CPU
		{C842ADF3-2CA6-4389-8869-B047DE038A33}.Release|x64.ActiveCfg = Release|Any CPU
		{C842ADF3-2CA6-4389-8869-B047DE038A33}.Release|x64.Build.0 = Release|Any CPU
		{C842ADF3-2CA6-4389-8869-B047DE038A33}.Release|x86.ActiveCfg = Release|Any CPU
		{C842ADF3-2CA6-4389-8869-B047DE038A33}.Release|x86.Build.0 = Release|Any CPU
		{AB27E3B5-D0BB-4997-A26D-FFE4B392F056}.Debug|Any CPU.ActiveCfg = Debug|Any CPU
		{AB27E3B5-D0BB-4997-A26D-FFE4B392F056}.Debug|Any CPU.Build.0 = Debug|Any CPU
		{AB27E3B5-D0BB-4997-A26D-FFE4B392F056}.Debug|x64.ActiveCfg = Debug|Any CPU
		{AB27E3B5-D0BB-4997-A26D-FFE4B392F056}.Debug|x64.Build.0 = Debug|Any CPU
		{AB27E3B5-D0BB-4997-A26D-FFE4B392F056}.Debug|x86.ActiveCfg = Debug|Any CPU
		{AB27E3B5-D0BB-4997-A26D-FFE4B392F056}.Debug|x86.Build.0 = Debug|Any CPU
		{AB27E3B5-D0BB-4997-A26D-FFE4B392F056}.Development|Any CPU.ActiveCfg = Development|Any CPU
		{AB27E3B5-D0BB-4997-A26D-FFE4B392F056}.Development|Any CPU.Build.0 = Development|Any CPU
		{AB27E3B5-D0BB-4997-A26D-FFE4B392F056}.Development|x64.ActiveCfg = Development|Any CPU
		{AB27E3B5-D0BB-4997-A26D-FFE4B392F056}.Development|x64.Build.0 = Development|Any CPU
		{AB27E3B5-D0BB-4997-A26D-FFE4B392F056}.Development|x86.ActiveCfg = Development|Any CPU
		{AB27E3B5-D0BB-4997-A26D-FFE4B392F056}.Development|x86.Build.0 = Development|Any CPU
		{AB27E3B5-D0BB-4997-A26D-FFE4B392F056}.Shipping|Any CPU.ActiveCfg = Shipping|Any CPU
		{AB27E3B5-D0BB-4997-A26D-FFE4B392F056}.Shipping|Any CPU.Build.0 = Shipping|Any CPU
		{AB27E3B5-D0BB-4997-A26D-FFE4B392F056}.Shipping|x64.ActiveCfg = Shipping|Any CPU
		{AB27E3B5-D0BB-4997-A26D-FFE4B392F056}.Shipping|x64.Build.0 = Shipping|Any CPU
		{AB27E3B5-D0BB-4997-A26D-FFE4B392F056}.Shipping|x86.ActiveCfg = Shipping|Any CPU
		{AB27E3B5-D0BB-4997-A26D-FFE4B392F056}.Shipping|x86.Build.0 = Shipping|Any CPU
		{AB27E3B5-D0BB-4997-A26D-FFE4B392F056}.Release|Any CPU.ActiveCfg = Release|Any CPU
		{AB27E3B5-D0BB-4997-A26D-FFE4B392F056}.Release|Any CPU.Build.0 = Release|Any CPU
		{AB27E3B5-D0BB-4997-A26D-FFE4B392F056}.Release|x64.ActiveCfg = Release|Any CPU
		{AB27E3B5-D0BB-4997-A26D-FFE4B392F056}.Release|x64.Build.0 = Release|Any CPU
		{AB27E3B5-D0BB-4997-A26D-FFE4B392F056}.Release|x86.ActiveCfg = Release|Any CPU
		{AB27E3B5-D0BB-4997-A26D-FFE4B392F056}.Release|x86.Build.0 = Release|Any CPU
		{19BF69A2-980F-4FCB-9FF7-F93D8F29303E}.Debug|Any CPU.ActiveCfg = Debug|Any CPU
		{C96569D0-1336-43EB-B12F-57C3E454F866}.Debug|Any CPU.ActiveCfg = Debug|Any CPU
		{19BF69A2-980F-4FCB-9FF7-F93D8F29303E}.Debug|Any CPU.Build.0 = Debug|Any CPU
		{C96569D0-1336-43EB-B12F-57C3E454F866}.Debug|Any CPU.Build.0 = Debug|Any CPU
		{19BF69A2-980F-4FCB-9FF7-F93D8F29303E}.Debug|x64.ActiveCfg = Debug|Any CPU
		{C96569D0-1336-43EB-B12F-57C3E454F866}.Debug|x64.ActiveCfg = Debug|Any CPU
		{19BF69A2-980F-4FCB-9FF7-F93D8F29303E}.Debug|x64.Build.0 = Debug|Any CPU
		{C96569D0-1336-43EB-B12F-57C3E454F866}.Debug|x64.Build.0 = Debug|Any CPU
		{19BF69A2-980F-4FCB-9FF7-F93D8F29303E}.Debug|x86.ActiveCfg = Debug|Any CPU
		{C96569D0-1336-43EB-B12F-57C3E454F866}.Debug|x86.ActiveCfg = Debug|Any CPU
		{19BF69A2-980F-4FCB-9FF7-F93D8F29303E}.Debug|x86.Build.0 = Debug|Any CPU
		{C96569D0-1336-43EB-B12F-57C3E454F866}.Debug|x86.Build.0 = Debug|Any CPU
		{19BF69A2-980F-4FCB-9FF7-F93D8F29303E}.Development|Any CPU.ActiveCfg = Development|Any CPU
		{C96569D0-1336-43EB-B12F-57C3E454F866}.Development|Any CPU.ActiveCfg = Development|Any CPU
		{19BF69A2-980F-4FCB-9FF7-F93D8F29303E}.Development|Any CPU.Build.0 = Development|Any CPU
		{C96569D0-1336-43EB-B12F-57C3E454F866}.Development|Any CPU.Build.0 = Development|Any CPU
		{19BF69A2-980F-4FCB-9FF7-F93D8F29303E}.Development|x64.ActiveCfg = Development|Any CPU
		{C96569D0-1336-43EB-B12F-57C3E454F866}.Development|x64.ActiveCfg = Development|Any CPU
		{19BF69A2-980F-4FCB-9FF7-F93D8F29303E}.Development|x64.Build.0 = Development|Any CPU
		{C96569D0-1336-43EB-B12F-57C3E454F866}.Development|x64.Build.0 = Development|Any CPU
		{19BF69A2-980F-4FCB-9FF7-F93D8F29303E}.Development|x86.ActiveCfg = Development|Any CPU
		{C96569D0-1336-43EB-B12F-57C3E454F866}.Development|x86.ActiveCfg = Development|Any CPU
		{19BF69A2-980F-4FCB-9FF7-F93D8F29303E}.Development|x86.Build.0 = Development|Any CPU
		{C96569D0-1336-43EB-B12F-57C3E454F866}.Development|x86.Build.0 = Development|Any CPU
		{19BF69A2-980F-4FCB-9FF7-F93D8F29303E}.Shipping|Any CPU.ActiveCfg = Shipping|Any CPU
		{C96569D0-1336-43EB-B12F-57C3E454F866}.Shipping|Any CPU.ActiveCfg = Shipping|Any CPU
		{19BF69A2-980F-4FCB-9FF7-F93D8F29303E}.Shipping|Any CPU.Build.0 = Shipping|Any CPU
		{C96569D0-1336-43EB-B12F-57C3E454F866}.Shipping|Any CPU.Build.0 = Shipping|Any CPU
		{19BF69A2-980F-4FCB-9FF7-F93D8F29303E}.Shipping|x64.ActiveCfg = Shipping|Any CPU
		{C96569D0-1336-43EB-B12F-57C3E454F866}.Shipping|x64.ActiveCfg = Shipping|Any CPU
		{19BF69A2-980F-4FCB-9FF7-F93D8F29303E}.Shipping|x64.Build.0 = Shipping|Any CPU
		{C96569D0-1336-43EB-B12F-57C3E454F866}.Shipping|x64.Build.0 = Shipping|Any CPU
		{19BF69A2-980F-4FCB-9FF7-F93D8F29303E}.Shipping|x86.ActiveCfg = Shipping|Any CPU
		{C96569D0-1336-43EB-B12F-57C3E454F866}.Shipping|x86.ActiveCfg = Shipping|Any CPU
		{19BF69A2-980F-4FCB-9FF7-F93D8F29303E}.Shipping|x86.Build.0 = Shipping|Any CPU
		{C96569D0-1336-43EB-B12F-57C3E454F866}.Shipping|x86.Build.0 = Shipping|Any CPU
		{19BF69A2-980F-4FCB-9FF7-F93D8F29303E}.Release|Any CPU.ActiveCfg = Release|Any CPU
		{C96569D0-1336-43EB-B12F-57C3E454F866}.Release|Any CPU.ActiveCfg = Release|Any CPU
		{19BF69A2-980F-4FCB-9FF7-F93D8F29303E}.Release|Any CPU.Build.0 = Release|Any CPU
		{C96569D0-1336-43EB-B12F-57C3E454F866}.Release|Any CPU.Build.0 = Release|Any CPU
		{19BF69A2-980F-4FCB-9FF7-F93D8F29303E}.Release|x64.ActiveCfg = Release|Any CPU
		{C96569D0-1336-43EB-B12F-57C3E454F866}.Release|x64.ActiveCfg = Release|Any CPU
		{19BF69A2-980F-4FCB-9FF7-F93D8F29303E}.Release|x64.Build.0 = Release|Any CPU
		{C96569D0-1336-43EB-B12F-57C3E454F866}.Release|x64.Build.0 = Release|Any CPU
		{19BF69A2-980F-4FCB-9FF7-F93D8F29303E}.Release|x86.ActiveCfg = Release|Any CPU
		{C96569D0-1336-43EB-B12F-57C3E454F866}.Release|x86.ActiveCfg = Release|Any CPU
		{19BF69A2-980F-4FCB-9FF7-F93D8F29303E}.Release|x86.Build.0 = Release|Any CPU
		{C96569D0-1336-43EB-B12F-57C3E454F866}.Release|x86.Build.0 = Release|Any CPU
		{047B3F59-D26A-40DF-872F-BD02442D7A2D}.Debug|Any CPU.ActiveCfg = Debug|Any CPU
		{047B3F59-D26A-40DF-872F-BD02442D7A2D}.Debug|Any CPU.Build.0 = Debug|Any CPU
		{047B3F59-D26A-40DF-872F-BD02442D7A2D}.Debug|x64.ActiveCfg = Debug|Any CPU
		{047B3F59-D26A-40DF-872F-BD02442D7A2D}.Debug|x64.Build.0 = Debug|Any CPU
		{047B3F59-D26A-40DF-872F-BD02442D7A2D}.Debug|x86.ActiveCfg = Debug|Any CPU
		{047B3F59-D26A-40DF-872F-BD02442D7A2D}.Debug|x86.Build.0 = Debug|Any CPU
		{047B3F59-D26A-40DF-872F-BD02442D7A2D}.Development|Any CPU.ActiveCfg = Development|Any CPU
		{047B3F59-D26A-40DF-872F-BD02442D7A2D}.Development|Any CPU.Build.0 = Development|Any CPU
		{047B3F59-D26A-40DF-872F-BD02442D7A2D}.Development|x64.ActiveCfg = Development|Any CPU
		{047B3F59-D26A-40DF-872F-BD02442D7A2D}.Development|x64.Build.0 = Development|Any CPU
		{047B3F59-D26A-40DF-872F-BD02442D7A2D}.Development|x86.ActiveCfg = Development|Any CPU
		{047B3F59-D26A-40DF-872F-BD02442D7A2D}.Development|x86.Build.0 = Development|Any CPU
		{047B3F59-D26A-40DF-872F-BD02442D7A2D}.Shipping|Any CPU.ActiveCfg = Shipping|Any CPU
		{047B3F59-D26A-40DF-872F-BD02442D7A2D}.Shipping|Any CPU.Build.0 = Shipping|Any CPU
		{047B3F59-D26A-40DF-872F-BD02442D7A2D}.Shipping|x64.ActiveCfg = Shipping|Any CPU
		{047B3F59-D26A-40DF-872F-BD02442D7A2D}.Shipping|x64.Build.0 = Shipping|Any CPU
		{047B3F59-D26A-40DF-872F-BD02442D7A2D}.Shipping|x86.ActiveCfg = Shipping|Any CPU
		{047B3F59-D26A-40DF-872F-BD02442D7A2D}.Shipping|x86.Build.0 = Shipping|Any CPU
		{047B3F59-D26A-40DF-872F-BD02442D7A2D}.Release|Any CPU.ActiveCfg = Release|Any CPU
		{047B3F59-D26A-40DF-872F-BD02442D7A2D}.Release|Any CPU.Build.0 = Release|Any CPU
		{047B3F59-D26A-40DF-872F-BD02442D7A2D}.Release|x64.ActiveCfg = Release|Any CPU
		{047B3F59-D26A-40DF-872F-BD02442D7A2D}.Release|x64.Build.0 = Release|Any CPU
		{047B3F59-D26A-40DF-872F-BD02442D7A2D}.Release|x86.ActiveCfg = Release|Any CPU
		{047B3F59-D26A-40DF-872F-BD02442D7A2D}.Release|x86.Build.0 = Release|Any CPU
		{BB495D05-FABB-494C-B52D-087AC0EF6BF5}.Debug|Any CPU.ActiveCfg = Debug|Any CPU
		{BB495D05-FABB-494C-B52D-087AC0EF6BF5}.Debug|Any CPU.Build.0 = Debug|Any CPU
		{BB495D05-FABB-494C-B52D-087AC0EF6BF5}.Debug|x64.ActiveCfg = Debug|Any CPU
		{BB495D05-FABB-494C-B52D-087AC0EF6BF5}.Debug|x64.Build.0 = Debug|Any CPU
		{BB495D05-FABB-494C-B52D-087AC0EF6BF5}.Debug|x86.ActiveCfg = Debug|Any CPU
		{BB495D05-FABB-494C-B52D-087AC0EF6BF5}.Debug|x86.Build.0 = Debug|Any CPU
		{BB495D05-FABB-494C-B52D-087AC0EF6BF5}.Development|Any CPU.ActiveCfg = Development|Any CPU
		{BB495D05-FABB-494C-B52D-087AC0EF6BF5}.Development|Any CPU.Build.0 = Development|Any CPU
		{BB495D05-FABB-494C-B52D-087AC0EF6BF5}.Development|x64.ActiveCfg = Development|Any CPU
		{BB495D05-FABB-494C-B52D-087AC0EF6BF5}.Development|x64.Build.0 = Development|Any CPU
		{BB495D05-FABB-494C-B52D-087AC0EF6BF5}.Development|x86.ActiveCfg = Development|Any CPU
		{BB495D05-FABB-494C-B52D-087AC0EF6BF5}.Development|x86.Build.0 = Development|Any CPU
		{BB495D05-FABB-494C-B52D-087AC0EF6BF5}.Shipping|Any CPU.ActiveCfg = Shipping|Any CPU
		{BB495D05-FABB-494C-B52D-087AC0EF6BF5}.Shipping|Any CPU.Build.0 = Shipping|Any CPU
		{BB495D05-FABB-494C-B52D-087AC0EF6BF5}.Shipping|x64.ActiveCfg = Shipping|Any CPU
		{BB495D05-FABB-494C-B52D-087AC0EF6BF5}.Shipping|x64.Build.0 = Shipping|Any CPU
		{BB495D05-FABB-494C-B52D-087AC0EF6BF5}.Shipping|x86.ActiveCfg = Shipping|Any CPU
		{BB495D05-FABB-494C-B52D-087AC0EF6BF5}.Shipping|x86.Build.0 = Shipping|Any CPU
		{BB495D05-FABB-494C-B52D-087AC0EF6BF5}.Release|Any CPU.ActiveCfg = Release|Any CPU
		{BB495D05-FABB-494C-B52D-087AC0EF6BF5}.Release|Any CPU.Build.0 = Release|Any CPU
		{BB495D05-FABB-494C-B52D-087AC0EF6BF5}.Release|x64.ActiveCfg = Release|Any CPU
		{BB495D05-FABB-494C-B52D-087AC0EF6BF5}.Release|x64.Build.0 = Release|Any CPU
		{BB495D05-FABB-494C-B52D-087AC0EF6BF5}.Release|x86.ActiveCfg = Release|Any CPU
		{BB495D05-FABB-494C-B52D-087AC0EF6BF5}.Release|x86.Build.0 = Release|Any CPU
		{4A4AD9FD-F1AF-442E-95AA-142AF280D83B}.Debug|Any CPU.ActiveCfg = Debug|Any CPU
		{4A4AD9FD-F1AF-442E-95AA-142AF280D83B}.Debug|Any CPU.Build.0 = Debug|Any CPU
		{4A4AD9FD-F1AF-442E-95AA-142AF280D83B}.Debug|x64.ActiveCfg = Debug|Any CPU
		{4A4AD9FD-F1AF-442E-95AA-142AF280D83B}.Debug|x64.Build.0 = Debug|Any CPU
		{4A4AD9FD-F1AF-442E-95AA-142AF280D83B}.Debug|x86.ActiveCfg = Debug|Any CPU
		{4A4AD9FD-F1AF-442E-95AA-142AF280D83B}.Debug|x86.Build.0 = Debug|Any CPU
		{4A4AD9FD-F1AF-442E-95AA-142AF280D83B}.Development|Any CPU.ActiveCfg = Development|Any CPU
		{4A4AD9FD-F1AF-442E-95AA-142AF280D83B}.Development|Any CPU.Build.0 = Development|Any CPU
		{4A4AD9FD-F1AF-442E-95AA-142AF280D83B}.Development|x64.ActiveCfg = Development|Any CPU
		{4A4AD9FD-F1AF-442E-95AA-142AF280D83B}.Development|x64.Build.0 = Development|Any CPU
		{4A4AD9FD-F1AF-442E-95AA-142AF280D83B}.Development|x86.ActiveCfg = Development|Any CPU
		{4A4AD9FD-F1AF-442E-95AA-142AF280D83B}.Development|x86.Build.0 = Development|Any CPU
		{4A4AD9FD-F1AF-442E-95AA-142AF280D83B}.Shipping|Any CPU.ActiveCfg = Shipping|Any CPU
		{4A4AD9FD-F1AF-442E-95AA-142AF280D83B}.Shipping|Any CPU.Build.0 = Shipping|Any CPU
		{4A4AD9FD-F1AF-442E-95AA-142AF280D83B}.Shipping|x64.ActiveCfg = Shipping|Any CPU
		{4A4AD9FD-F1AF-442E-95AA-142AF280D83B}.Shipping|x64.Build.0 = Shipping|Any CPU
		{4A4AD9FD-F1AF-442E-95AA-142AF280D83B}.Shipping|x86.ActiveCfg = Shipping|Any CPU
		{4A4AD9FD-F1AF-442E-95AA-142AF280D83B}.Shipping|x86.Build.0 = Shipping|Any CPU
		{4A4AD9FD-F1AF-442E-95AA-142AF280D83B}.Release|Any CPU.ActiveCfg = Release|Any CPU
		{4A4AD9FD-F1AF-442E-95AA-142AF280D83B}.Release|Any CPU.Build.0 = Release|Any CPU
		{4A4AD9FD-F1AF-442E-95AA-142AF280D83B}.Release|x64.ActiveCfg = Release|Any CPU
		{4A4AD9FD-F1AF-442E-95AA-142AF280D83B}.Release|x64.Build.0 = Release|Any CPU
		{4A4AD9FD-F1AF-442E-95AA-142AF280D83B}.Release|x86.ActiveCfg = Release|Any CPU
		{4A4AD9FD-F1AF-442E-95AA-142AF280D83B}.Release|x86.Build.0 = Release|Any CPU
	EndGlobalSection
	GlobalSection(SolutionProperties) = preSolution
		HideSolutionNode = FALSE
	EndGlobalSection
	GlobalSection(NestedProjects) = preSolution
		{C8E71175-2226-41AA-8613-36708FB3E527} = {827E0CD3-B72D-47B6-A68D-7590B98EB39B}
		{E3FF3C7D-FBF9-475D-843A-2A92B4095B7C} = {827E0CD3-B72D-47B6-A68D-7590B98EB39B}
		{166C2BB7-3F68-4C56-B4D7-5C8DCB6545E4} = {827E0CD3-B72D-47B6-A68D-7590B98EB39B}
		{EFC46130-3381-4A17-B78C-37354093C96C} = {827E0CD3-B72D-47B6-A68D-7590B98EB39B}
		{9B2F843B-28E7-469F-B66B-B6CDCCD316B3} = {827E0CD3-B72D-47B6-A68D-7590B98EB39B}
		{07ECAA2B-43EB-4546-AD70-EE01F3A0388E} = {827E0CD3-B72D-47B6-A68D-7590B98EB39B}
		{22FAE295-7DF0-4BB4-8EC8-9D479DA3994B} = {827E0CD3-B72D-47B6-A68D-7590B98EB39B}
		{7F56B6E3-F765-46BE-BFB2-F8D050103263} = {827E0CD3-B72D-47B6-A68D-7590B98EB39B}
		{3518249E-8371-4830-BF6E-4BE9D60038E9} = {827E0CD3-B72D-47B6-A68D-7590B98EB39B}
		{309420BF-2C0E-4C5B-8E77-13201F70415A} = {827E0CD3-B72D-47B6-A68D-7590B98EB39B}
		{C842ADF3-2CA6-4389-8869-B047DE038A33} = {809F86A1-1C4C-B159-0CD4-DF9D33D876CE}
		{AB27E3B5-D0BB-4997-A26D-FFE4B392F056} = {827E0CD3-B72D-47B6-A68D-7590B98EB39B}
		{19BF69A2-980F-4FCB-9FF7-F93D8F29303E} = {0AB3BF05-4346-4AA6-1389-037BE0695223}
		{C96569D0-1336-43EB-B12F-57C3E454F866} = {0AB3BF05-4346-4AA6-1389-037BE0695223}
		{047B3F59-D26A-40DF-872F-BD02442D7A2D} = {04252BA6-B404-FD3B-81B5-D989EEE58EED}
		{BB495D05-FABB-494C-B52D-087AC0EF6BF5} = {04252BA6-B404-FD3B-81B5-D989EEE58EED}
		{4A4AD9FD-F1AF-442E-95AA-142AF280D83B} = {04252BA6-B404-FD3B-81B5-D989EEE58EED}
	EndGlobalSection
EndGlobal
